
Microsoft Visual Studio Solution File, Format Version 11.00
# Visual Studio 2010
Project("{8BC9CEB8-8B4A-11D0-8D11-00A0C91BC942}") = "home", "home\home.vcxproj", "{85BC1AE1-27B1-46C9-B1D4-E7F1774E51A1}"
EndProject
Global
	GlobalSection(SolutionConfigurationPlatforms) = preSolution
		Debug|Win32 = Debug|Win32
		Release|Win32 = Release|Win32
	EndGlobalSection
	GlobalSection(ProjectConfigurationPlatforms) = postSolution
		{85BC1AE1-27B1-46C9-B1D4-E7F1774E51A1}.Debug|Win32.ActiveCfg = Debug|Win32
		{85BC1AE1-27B1-46C9-B1D4-E7F1774E51A1}.Debug|Win32.Build.0 = Debug|Win32
		{85BC1AE1-27B1-46C9-B1D4-E7F1774E51A1}.Release|Win32.ActiveCfg = Release|Win32
		{85BC1AE1-27B1-46C9-B1D4-E7F1774E51A1}.Release|Win32.Build.0 = Release|Win32
	EndGlobalSection
	GlobalSection(SolutionProperties) = preSolution
		HideSolutionNode = FALSE
	EndGlobalSection
EndGlobal
